
Microsoft Visual Studio Solution File, Format Version 12.00
# Visual Studio Version 16
VisualStudioVersion = 16.0.30413.136
MinimumVisualStudioVersion = 10.0.40219.1
Project("{FAE04EC0-301F-11D3-BF4B-00C04F79EFBC}") = "TaskopenerC-sharp", "TaskopenerC-sharp\TaskopenerC-sharp.csproj", "{F12921F0-9EE3-4179-A1BD-6E0BA7A17D64}"
EndProject
Global
	GlobalSection(SolutionConfigurationPlatforms) = preSolution
		Debug|Any CPU = Debug|Any CPU
		Release|Any CPU = Release|Any CPU
	EndGlobalSection
	GlobalSection(ProjectConfigurationPlatforms) = postSolution
		{F12921F0-9EE3-4179-A1BD-6E0BA7A17D64}.Debug|Any CPU.ActiveCfg = Debug|Any CPU
		{F12921F0-9EE3-4179-A1BD-6E0BA7A17D64}.Debug|Any CPU.Build.0 = Debug|Any CPU
		{F12921F0-9EE3-4179-A1BD-6E0BA7A17D64}.Release|Any CPU.ActiveCfg = Release|Any CPU
		{F12921F0-9EE3-4179-A1BD-6E0BA7A17D64}.Release|Any CPU.Build.0 = Release|Any CPU
	EndGlobalSection
	GlobalSection(SolutionProperties) = preSolution
		HideSolutionNode = FALSE
	EndGlobalSection
	GlobalSection(ExtensibilityGlobals) = postSolution
		SolutionGuid = {EF0039A3-FCE0-46A4-970A-AEFDB39F91A0}
	EndGlobalSection
EndGlobal
